schema: '2.0'
stages:
  get_data:
    cmd: python src/get_data.py
    deps:
    - path: src/get_data.py
      hash: md5
      md5: a59dfe24005faa2360267e3841efea13
      size: 334
    outs:
    - path: data/customer_churn.csv
      hash: md5
      md5: 7f07de26b054de4c36eed95a1277fe21
      size: 978285
  train_model:
    cmd: python src/train_model.py
    deps:
    - path: data/customer_churn.csv
      hash: md5
      md5: 7f07de26b054de4c36eed95a1277fe21
      size: 978285
    - path: src/train_model.py
      hash: md5
      md5: 92815dd0ad81a4bac4253723700f8433
      size: 1167
    outs:
    - path: models/model.pkl
      hash: md5
      md5: bbff2caf0d71860c35be180f7516e8db
      size: 198159
