schema: '2.0'
stages:
  get_data:
    cmd: python src/get_data.py
    deps:
    - path: src/get_data.py
      hash: md5
      md5: a59dfe24005faa2360267e3841efea13
      size: 334
    outs:
    - path: data/customer_churn.csv
      hash: md5
      md5: 7f07de26b054de4c36eed95a1277fe21
      size: 978285
  train_model:
    cmd: python src/train_model.py
    deps:
    - path: data/customer_churn.csv
      hash: md5
      md5: 7f07de26b054de4c36eed95a1277fe21
      size: 978285
    - path: src/train_model.py
      hash: md5
      md5: 2e3261b3e670ea9d1387b42324a3c272
      size: 1980
    params:
      params.yaml:
        split.random_state: 42
        split.test_size: 0.2
        train.C: 1.0
        train.max_iter: 100
    outs:
    - path: models/model.pkl
      hash: md5
      md5: e29ea1b80ae30a4a25147ad497b70b12
      size: 198143
